
Microsoft Visual Studio Solution File, Format Version 12.00
# Visual Studio Version 17
VisualStudioVersion = 17.5.33502.453
MinimumVisualStudioVersion = 10.0.40219.1
Project("{9A19103F-16F7-4668-BE54-9A1E7A4F7556}") = "TappitSports", "TappitSports\TappitSports.csproj", "{4F5B23B1-A742-4069-B934-06381B43EE76}"
EndProject
Project("{FAE04EC0-301F-11D3-BF4B-00C04F79EFBC}") = "FavouriteSportsTests", "FavouriteSportsTests\FavouriteSportsTests.csproj", "{214522BD-E26A-47D3-88BC-EDD56BAADB04}"
EndProject
Global
	GlobalSection(SolutionConfigurationPlatforms) = preSolution
		Debug|Any CPU = Debug|Any CPU
		Release|Any CPU = Release|Any CPU
	EndGlobalSection
	GlobalSection(ProjectConfigurationPlatforms) = postSolution
		{4F5B23B1-A742-4069-B934-06381B43EE76}.Debug|Any CPU.ActiveCfg = Debug|Any CPU
		{4F5B23B1-A742-4069-B934-06381B43EE76}.Debug|Any CPU.Build.0 = Debug|Any CPU
		{4F5B23B1-A742-4069-B934-06381B43EE76}.Release|Any CPU.ActiveCfg = Release|Any CPU
		{4F5B23B1-A742-4069-B934-06381B43EE76}.Release|Any CPU.Build.0 = Release|Any CPU
		{214522BD-E26A-47D3-88BC-EDD56BAADB04}.Debug|Any CPU.ActiveCfg = Debug|Any CPU
		{214522BD-E26A-47D3-88BC-EDD56BAADB04}.Debug|Any CPU.Build.0 = Debug|Any CPU
		{214522BD-E26A-47D3-88BC-EDD56BAADB04}.Release|Any CPU.ActiveCfg = Release|Any CPU
		{214522BD-E26A-47D3-88BC-EDD56BAADB04}.Release|Any CPU.Build.0 = Release|Any CPU
	EndGlobalSection
	GlobalSection(SolutionProperties) = preSolution
		HideSolutionNode = FALSE
	EndGlobalSection
	GlobalSection(ExtensibilityGlobals) = postSolution
		SolutionGuid = {C2F6D242-AA46-417C-8D5D-9945522C5C3E}
	EndGlobalSection
EndGlobal
